
Microsoft Visual Studio Solution File, Format Version 12.00
# Visual Studio 15
VisualStudioVersion = 15.0.28307.271
MinimumVisualStudioVersion = 10.0.40219.1
Project("{FAE04EC0-301F-11D3-BF4B-00C04F79EFBC}") = "SocketHttp", "SocketHttp\SocketHttp.csproj", "{159AE485-1745-4E66-A525-99574A7D95B5}"
EndProject
Global
	GlobalSection(SolutionConfigurationPlatforms) = preSolution
		Debug|Any CPU = Debug|Any CPU
		Release|Any CPU = Release|Any CPU
	EndGlobalSection
	GlobalSection(ProjectConfigurationPlatforms) = postSolution
		{159AE485-1745-4E66-A525-99574A7D95B5}.Debug|Any CPU.ActiveCfg = Debug|Any CPU
		{159AE485-1745-4E66-A525-99574A7D95B5}.Debug|Any CPU.Build.0 = Debug|Any CPU
		{159AE485-1745-4E66-A525-99574A7D95B5}.Release|Any CPU.ActiveCfg = Release|Any CPU
		{159AE485-1745-4E66-A525-99574A7D95B5}.Release|Any CPU.Build.0 = Release|Any CPU
	EndGlobalSection
	GlobalSection(SolutionProperties) = preSolution
		HideSolutionNode = FALSE
	EndGlobalSection
	GlobalSection(ExtensibilityGlobals) = postSolution
		SolutionGuid = {F0F79D14-B036-4A12-829E-E8F5A1E3B99F}
	EndGlobalSection
EndGlobal
